// !$*UTF8*$!
{
	archiveVersion = 1;
	classes = {
	};
	objectVersion = 46;
	objects = {

/* Begin PBXBuildFile section */
		C05434EE1C7E41D20059770D /* AGTWebViewController.m in Sources */ = {isa = PBXBuildFile; fileRef = C05434EC1C7E41D20059770D /* AGTWebViewController.m */; };
		C05434EF1C7E41D20059770D /* AGTWebViewController.xib in Resources */ = {isa = PBXBuildFile; fileRef = C05434ED1C7E41D20059770D /* AGTWebViewController.xib */; };
		C067DC1C1C821D7E00B46847 /* comtesDeChampagne.jpg in Resources */ = {isa = PBXBuildFile; fileRef = C067DC1B1C821D7E00B46847 /* comtesDeChampagne.jpg */; };
		C067DC1E1C821D9100B46847 /* zarate.gif in Resources */ = {isa = PBXBuildFile; fileRef = C067DC1D1C821D9100B46847 /* zarate.gif */; };
		C07271281C792BE600C1A8E6 /* main.m in Sources */ = {isa = PBXBuildFile; fileRef = C07271271C792BE600C1A8E6 /* main.m */; };
		C072712B1C792BE600C1A8E6 /* AppDelegate.m in Sources */ = {isa = PBXBuildFile; fileRef = C072712A1C792BE600C1A8E6 /* AppDelegate.m */; };
		C072712D1C792BE600C1A8E6 /* Assets.xcassets in Resources */ = {isa = PBXBuildFile; fileRef = C072712C1C792BE600C1A8E6 /* Assets.xcassets */; };
		C07271301C792BE600C1A8E6 /* LaunchScreen.storyboard in Resources */ = {isa = PBXBuildFile; fileRef = C072712E1C792BE600C1A8E6 /* LaunchScreen.storyboard */; };
		C07271381C7935FC00C1A8E6 /* AGTWineModel.m in Sources */ = {isa = PBXBuildFile; fileRef = C07271371C7935FC00C1A8E6 /* AGTWineModel.m */; };
		C0DD10B71C7D0B3300B13229 /* AGTWineViewController.m in Sources */ = {isa = PBXBuildFile; fileRef = C0DD10B51C7D0B3300B13229 /* AGTWineViewController.m */; };
		C0DD10B81C7D0B3300B13229 /* AGTWineViewController.xib in Resources */ = {isa = PBXBuildFile; fileRef = C0DD10B61C7D0B3300B13229 /* AGTWineViewController.xib */; };
		C0DD10BB1C7D266B00B13229 /* splitView_score_glass@2x.png in Resources */ = {isa = PBXBuildFile; fileRef = C0DD10BA1C7D266B00B13229 /* splitView_score_glass@2x.png */; };
		C0DD10BE1C7D270D00B13229 /* bembibre.jpg in Resources */ = {isa = PBXBuildFile; fileRef = C0DD10BD1C7D270D00B13229 /* bembibre.jpg */; };
		C0F919471C80EEF200ECA100 /* AGTWineryModel.m in Sources */ = {isa = PBXBuildFile; fileRef = C0F919461C80EEF200ECA100 /* AGTWineryModel.m */; };
		C0F9194A1C81059200ECA100 /* AGTWineryTableViewController.m in Sources */ = {isa = PBXBuildFile; fileRef = C0F919491C81059200ECA100 /* AGTWineryTableViewController.m */; };
/* End PBXBuildFile section */

/* Begin PBXFileReference section */
		C05434EB1C7E41D20059770D /* AGTWebViewController.h */ = {isa = PBXFileReference; fileEncoding = 4; lastKnownFileType = sourcecode.c.h; path = AGTWebViewController.h; sourceTree = "<group>"; };
		C05434EC1C7E41D20059770D /* AGTWebViewController.m */ = {isa = PBXFileReference; fileEncoding = 4; lastKnownFileType = sourcecode.c.objc; path = AGTWebViewController.m; sourceTree = "<group>"; };
		C05434ED1C7E41D20059770D /* AGTWebViewController.xib */ = {isa = PBXFileReference; fileEncoding = 4; lastKnownFileType = file.xib; path = AGTWebViewController.xib; sourceTree = "<group>"; };
		C067DC1B1C821D7E00B46847 /* comtesDeChampagne.jpg */ = {isa = PBXFileReference; lastKnownFileType = image.jpeg; path = comtesDeChampagne.jpg; sourceTree = "<group>"; };
		C067DC1D1C821D9100B46847 /* zarate.gif */ = {isa = PBXFileReference; lastKnownFileType = image.gif; path = zarate.gif; sourceTree = "<group>"; };
		C07271231C792BE600C1A8E6 /* Baccup.app */ = {isa = PBXFileReference; explicitFileType = wrapper.application; includeInIndex = 0; path = Baccup.app; sourceTree = BUILT_PRODUCTS_DIR; };
		C07271271C792BE600C1A8E6 /* main.m */ = {isa = PBXFileReference; lastKnownFileType = sourcecode.c.objc; path = main.m; sourceTree = "<group>"; };
		C07271291C792BE600C1A8E6 /* AppDelegate.h */ = {isa = PBXFileReference; lastKnownFileType = sourcecode.c.h; path = AppDelegate.h; sourceTree = "<group>"; };
		C072712A1C792BE600C1A8E6 /* AppDelegate.m */ = {isa = PBXFileReference; lastKnownFileType = sourcecode.c.objc; path = AppDelegate.m; sourceTree = "<group>"; };
		C072712C1C792BE600C1A8E6 /* Assets.xcassets */ = {isa = PBXFileReference; lastKnownFileType = folder.assetcatalog; path = Assets.xcassets; sourceTree = "<group>"; };
		C072712F1C792BE600C1A8E6 /* Base */ = {isa = PBXFileReference; lastKnownFileType = file.storyboard; name = Base; path = Base.lproj/LaunchScreen.storyboard; sourceTree = "<group>"; };
		C07271311C792BE600C1A8E6 /* Info.plist */ = {isa = PBXFileReference; lastKnownFileType = text.plist.xml; path = Info.plist; sourceTree = "<group>"; };
		C07271371C7935FC00C1A8E6 /* AGTWineModel.m */ = {isa = PBXFileReference; fileEncoding = 4; lastKnownFileType = sourcecode.c.objc; path = AGTWineModel.m; sourceTree = "<group>"; };
		C07271391C79364500C1A8E6 /* AGTWineModel.h */ = {isa = PBXFileReference; lastKnownFileType = sourcecode.c.h; path = AGTWineModel.h; sourceTree = "<group>"; };
		C0DD10B41C7D0B3300B13229 /* AGTWineViewController.h */ = {isa = PBXFileReference; fileEncoding = 4; lastKnownFileType = sourcecode.c.h; path = AGTWineViewController.h; sourceTree = "<group>"; };
		C0DD10B51C7D0B3300B13229 /* AGTWineViewController.m */ = {isa = PBXFileReference; fileEncoding = 4; lastKnownFileType = sourcecode.c.objc; path = AGTWineViewController.m; sourceTree = "<group>"; };
		C0DD10B61C7D0B3300B13229 /* AGTWineViewController.xib */ = {isa = PBXFileReference; fileEncoding = 4; lastKnownFileType = file.xib; path = AGTWineViewController.xib; sourceTree = "<group>"; };
		C0DD10BA1C7D266B00B13229 /* splitView_score_glass@2x.png */ = {isa = PBXFileReference; lastKnownFileType = image.png; name = "splitView_score_glass@2x.png"; path = "../splitView_score_glass@2x.png"; sourceTree = "<group>"; };
		C0DD10BD1C7D270D00B13229 /* bembibre.jpg */ = {isa = PBXFileReference; lastKnownFileType = image.jpeg; path = bembibre.jpg; sourceTree = "<group>"; };
		C0F919451C80EEF200ECA100 /* AGTWineryModel.h */ = {isa = PBXFileReference; fileEncoding = 4; lastKnownFileType = sourcecode.c.h; path = AGTWineryModel.h; sourceTree = "<group>"; };
		C0F919461C80EEF200ECA100 /* AGTWineryModel.m */ = {isa = PBXFileReference; fileEncoding = 4; lastKnownFileType = sourcecode.c.objc; path = AGTWineryModel.m; sourceTree = "<group>"; };
		C0F919481C81059200ECA100 /* AGTWineryTableViewController.h */ = {isa = PBXFileReference; fileEncoding = 4; lastKnownFileType = sourcecode.c.h; path = AGTWineryTableViewController.h; sourceTree = "<group>"; };
		C0F919491C81059200ECA100 /* AGTWineryTableViewController.m */ = {isa = PBXFileReference; fileEncoding = 4; lastKnownFileType = sourcecode.c.objc; path = AGTWineryTableViewController.m; sourceTree = "<group>"; };
/* End PBXFileReference section */

/* Begin PBXFrameworksBuildPhase section */
		C07271201C792BE600C1A8E6 /* Frameworks */ = {
			isa = PBXFrameworksBuildPhase;
			buildActionMask = 2147483647;
			files = (
			);
			runOnlyForDeploymentPostprocessing = 0;
		};
/* End PBXFrameworksBuildPhase section */

/* Begin PBXGroup section */
		C072711A1C792BE600C1A8E6 = {
			isa = PBXGroup;
			children = (
				C07271251C792BE600C1A8E6 /* Baccup */,
				C07271241C792BE600C1A8E6 /* Products */,
			);
			sourceTree = "<group>";
		};
		C07271241C792BE600C1A8E6 /* Products */ = {
			isa = PBXGroup;
			children = (
				C07271231C792BE600C1A8E6 /* Baccup.app */,
			);
			name = Products;
			sourceTree = "<group>";
		};
		C07271251C792BE600C1A8E6 /* Baccup */ = {
			isa = PBXGroup;
			children = (
				C0DD10BC1C7D268200B13229 /* Resources */,
				C0DD10B91C7D0B5A00B13229 /* Controllers */,
				C07271291C792BE600C1A8E6 /* AppDelegate.h */,
				C072712A1C792BE600C1A8E6 /* AppDelegate.m */,
				C072713A1C79367800C1A8E6 /* Models */,
				C072712C1C792BE600C1A8E6 /* Assets.xcassets */,
				C072712E1C792BE600C1A8E6 /* LaunchScreen.storyboard */,
				C07271311C792BE600C1A8E6 /* Info.plist */,
				C07271261C792BE600C1A8E6 /* Supporting Files */,
			);
			path = Baccup;
			sourceTree = "<group>";
		};
		C07271261C792BE600C1A8E6 /* Supporting Files */ = {
			isa = PBXGroup;
			children = (
				C07271271C792BE600C1A8E6 /* main.m */,
			);
			name = "Supporting Files";
			sourceTree = "<group>";
		};
		C072713A1C79367800C1A8E6 /* Models */ = {
			isa = PBXGroup;
			children = (
				C0F919451C80EEF200ECA100 /* AGTWineryModel.h */,
				C0F919461C80EEF200ECA100 /* AGTWineryModel.m */,
				C07271371C7935FC00C1A8E6 /* AGTWineModel.m */,
				C07271391C79364500C1A8E6 /* AGTWineModel.h */,
			);
			name = Models;
			sourceTree = "<group>";
		};
		C0DD10B91C7D0B5A00B13229 /* Controllers */ = {
			isa = PBXGroup;
			children = (
				C0F919481C81059200ECA100 /* AGTWineryTableViewController.h */,
				C0F919491C81059200ECA100 /* AGTWineryTableViewController.m */,
				C05434EB1C7E41D20059770D /* AGTWebViewController.h */,
				C05434EC1C7E41D20059770D /* AGTWebViewController.m */,
				C05434ED1C7E41D20059770D /* AGTWebViewController.xib */,
				C0DD10B41C7D0B3300B13229 /* AGTWineViewController.h */,
				C0DD10B51C7D0B3300B13229 /* AGTWineViewController.m */,
				C0DD10B61C7D0B3300B13229 /* AGTWineViewController.xib */,
			);
			name = Controllers;
			path = ..;
			sourceTree = "<group>";
		};
		C0DD10BC1C7D268200B13229 /* Resources */ = {
			isa = PBXGroup;
			children = (
				C067DC1B1C821D7E00B46847 /* comtesDeChampagne.jpg */,
				C067DC1D1C821D9100B46847 /* zarate.gif */,
				C0DD10BD1C7D270D00B13229 /* bembibre.jpg */,
				C0DD10BA1C7D266B00B13229 /* splitView_score_glass@2x.png */,
			);
			name = Resources;
			sourceTree = "<group>";
		};
/* End PBXGroup section */

/* Begin PBXNativeTarget section */
		C07271221C792BE600C1A8E6 /* Baccup */ = {
			isa = PBXNativeTarget;
			buildConfigurationList = C07271341C792BE600C1A8E6 /* Build configuration list for PBXNativeTarget "Baccup" */;
			buildPhases = (
				C072711F1C792BE600C1A8E6 /* Sources */,
				C07271201C792BE600C1A8E6 /* Frameworks */,
				C07271211C792BE600C1A8E6 /* Resources */,
			);
			buildRules = (
			);
			dependencies = (
			);
			name = Baccup;
			productName = Baccup;
			productReference = C07271231C792BE600C1A8E6 /* Baccup.app */;
			productType = "com.apple.product-type.application";
		};
/* End PBXNativeTarget section */

/* Begin PBXProject section */
		C072711B1C792BE600C1A8E6 /* Project object */ = {
			isa = PBXProject;
			attributes = {
				LastUpgradeCheck = 0720;
				ORGANIZATIONNAME = "Alicia Daza";
				TargetAttributes = {
					C07271221C792BE600C1A8E6 = {
						CreatedOnToolsVersion = 7.2.1;
					};
				};
			};
			buildConfigurationList = C072711E1C792BE600C1A8E6 /* Build configuration list for PBXProject "Baccup" */;
			compatibilityVersion = "Xcode 3.2";
			developmentRegion = English;
			hasScannedForEncodings = 0;
			knownRegions = (
				en,
				Base,
			);
			mainGroup = C072711A1C792BE600C1A8E6;
			productRefGroup = C07271241C792BE600C1A8E6 /* Products */;
			projectDirPath = "";
			projectRoot = "";
			targets = (
				C07271221C792BE600C1A8E6 /* Baccup */,
			);
		};
/* End PBXProject section */

/* Begin PBXResourcesBuildPhase section */
		C07271211C792BE600C1A8E6 /* Resources */ = {
			isa = PBXResourcesBuildPhase;
			buildActionMask = 2147483647;
			files = (
				C0DD10BB1C7D266B00B13229 /* splitView_score_glass@2x.png in Resources */,
				C067DC1C1C821D7E00B46847 /* comtesDeChampagne.jpg in Resources */,
				C0DD10B81C7D0B3300B13229 /* AGTWineViewController.xib in Resources */,
				C05434EF1C7E41D20059770D /* AGTWebViewController.xib in Resources */,
				C072712D1C792BE600C1A8E6 /* Assets.xcassets in Resources */,
				C067DC1E1C821D9100B46847 /* zarate.gif in Resources */,
				C0DD10BE1C7D270D00B13229 /* bembibre.jpg in Resources */,
				C07271301C792BE600C1A8E6 /* LaunchScreen.storyboard in Resources */,
			);
			runOnlyForDeploymentPostprocessing = 0;
		};
/* End PBXResourcesBuildPhase section */

/* Begin PBXSourcesBuildPhase section */
		C072711F1C792BE600C1A8E6 /* Sources */ = {
			isa = PBXSourcesBuildPhase;
			buildActionMask = 2147483647;
			files = (
				C0DD10B71C7D0B3300B13229 /* AGTWineViewController.m in Sources */,
				C072712B1C792BE600C1A8E6 /* AppDelegate.m in Sources */,
				C05434EE1C7E41D20059770D /* AGTWebViewController.m in Sources */,
				C07271381C7935FC00C1A8E6 /* AGTWineModel.m in Sources */,
				C0F919471C80EEF200ECA100 /* AGTWineryModel.m in Sources */,
				C0F9194A1C81059200ECA100 /* AGTWineryTableViewController.m in Sources */,
				C07271281C792BE600C1A8E6 /* main.m in Sources */,
			);
			runOnlyForDeploymentPostprocessing = 0;
		};
/* End PBXSourcesBuildPhase section */

/* Begin PBXVariantGroup section */
		C072712E1C792BE600C1A8E6 /* LaunchScreen.storyboard */ = {
			isa = PBXVariantGroup;
			children = (
				C072712F1C792BE600C1A8E6 /* Base */,
			);
			name = LaunchScreen.storyboard;
			sourceTree = "<group>";
		};
/* End PBXVariantGroup section */

/* Begin XCBuildConfiguration section */
		C07271321C792BE600C1A8E6 /* Debug */ = {
			isa = XCBuildConfiguration;
			buildSettings = {
				ALWAYS_SEARCH_USER_PATHS = NO;
				CLANG_CXX_LANGUAGE_STANDARD = "gnu++0x";
				CLANG_CXX_LIBRARY = "libc++";
				CLANG_ENABLE_MODULES = YES;
				CLANG_ENABLE_OBJC_ARC = YES;
				CLANG_WARN_BOOL_CONVERSION = YES;
				CLANG_WARN_CONSTANT_CONVERSION = YES;
				CLANG_WARN_DIRECT_OBJC_ISA_USAGE = YES_ERROR;
				CLANG_WARN_EMPTY_BODY = YES;
				CLANG_WARN_ENUM_CONVERSION = YES;
				CLANG_WARN_INT_CONVERSION = YES;
				CLANG_WARN_OBJC_ROOT_CLASS = YES_ERROR;
				CLANG_WARN_UNREACHABLE_CODE = YES;
				CLANG_WARN__DUPLICATE_METHOD_MATCH = YES;
				"CODE_SIGN_IDENTITY[sdk=iphoneos*]" = "iPhone Developer";
				COPY_PHASE_STRIP = NO;
				DEBUG_INFORMATION_FORMAT = dwarf;
				ENABLE_STRICT_OBJC_MSGSEND = YES;
				ENABLE_TESTABILITY = YES;
				GCC_C_LANGUAGE_STANDARD = gnu99;
				GCC_DYNAMIC_NO_PIC = NO;
				GCC_NO_COMMON_BLOCKS = YES;
				GCC_OPTIMIZATION_LEVEL = 0;
				GCC_PREPROCESSOR_DEFINITIONS = (
					"DEBUG=1",
					"$(inherited)",
				);
				GCC_WARN_64_TO_32_BIT_CONVERSION = YES;
				GCC_WARN_ABOUT_RETURN_TYPE = YES_ERROR;
				GCC_WARN_UNDECLARED_SELECTOR = YES;
				GCC_WARN_UNINITIALIZED_AUTOS = YES_AGGRESSIVE;
				GCC_WARN_UNUSED_FUNCTION = YES;
				GCC_WARN_UNUSED_VARIABLE = YES;
				IPHONEOS_DEPLOYMENT_TARGET = 9.2;
				MTL_ENABLE_DEBUG_INFO = YES;
				ONLY_ACTIVE_ARCH = YES;
				SDKROOT = iphoneos;
				TARGETED_DEVICE_FAMILY = 2;
			};
			name = Debug;
		};
		C07271331C792BE600C1A8E6 /* Release */ = {
			isa = XCBuildConfiguration;
			buildSettings = {
				ALWAYS_SEARCH_USER_PATHS = NO;
				CLANG_CXX_LANGUAGE_STANDARD = "gnu++0x";
				CLANG_CXX_LIBRARY = "libc++";
				CLANG_ENABLE_MODULES = YES;
				CLANG_ENABLE_OBJC_ARC = YES;
				CLANG_WARN_BOOL_CONVERSION = YES;
				CLANG_WARN_CONSTANT_CONVERSION = YES;
				CLANG_WARN_DIRECT_OBJC_ISA_USAGE = YES_ERROR;
				CLANG_WARN_EMPTY_BODY = YES;
				CLANG_WARN_ENUM_CONVERSION = YES;
				CLANG_WARN_INT_CONVERSION = YES;
				CLANG_WARN_OBJC_ROOT_CLASS = YES_ERROR;
				CLANG_WARN_UNREACHABLE_CODE = YES;
				CLANG_WARN__DUPLICATE_METHOD_MATCH = YES;
				"CODE_SIGN_IDENTITY[sdk=iphoneos*]" = "iPhone Developer";
				COPY_PHASE_STRIP = NO;
				DEBUG_INFORMATION_FORMAT = "dwarf-with-dsym";
				ENABLE_NS_ASSERTIONS = NO;
				ENABLE_STRICT_OBJC_MSGSEND = YES;
				GCC_C_LANGUAGE_STANDARD = gnu99;
				GCC_NO_COMMON_BLOCKS = YES;
				GCC_WARN_64_TO_32_BIT_CONVERSION = YES;
				GCC_WARN_ABOUT_RETURN_TYPE = YES_ERROR;
				GCC_WARN_UNDECLARED_SELECTOR = YES;
				GCC_WARN_UNINITIALIZED_AUTOS = YES_AGGRESSIVE;
				GCC_WARN_UNUSED_FUNCTION = YES;
				GCC_WARN_UNUSED_VARIABLE = YES;
				IPHONEOS_DEPLOYMENT_TARGET = 9.2;
				MTL_ENABLE_DEBUG_INFO = NO;
				SDKROOT = iphoneos;
				TARGETED_DEVICE_FAMILY = 2;
				VALIDATE_PRODUCT = YES;
			};
			name = Release;
		};
		C07271351C792BE600C1A8E6 /* Debug */ = {
			isa = XCBuildConfiguration;
			buildSettings = {
				ASSETCATALOG_COMPILER_APPICON_NAME = AppIcon;
				INFOPLIST_FILE = Baccup/Info.plist;
				LD_RUNPATH_SEARCH_PATHS = "$(inherited) @executable_path/Frameworks";
				PRODUCT_BUNDLE_IDENTIFIER = com.keepcodingalumni.Baccup;
				PRODUCT_NAME = "$(TARGET_NAME)";
				TARGETED_DEVICE_FAMILY = "1,2";
			};
			name = Debug;
		};
		C07271361C792BE600C1A8E6 /* Release */ = {
			isa = XCBuildConfiguration;
			buildSettings = {
				ASSETCATALOG_COMPILER_APPICON_NAME = AppIcon;
				INFOPLIST_FILE = Baccup/Info.plist;
				LD_RUNPATH_SEARCH_PATHS = "$(inherited) @executable_path/Frameworks";
				PRODUCT_BUNDLE_IDENTIFIER = com.keepcodingalumni.Baccup;
				PRODUCT_NAME = "$(TARGET_NAME)";
				TARGETED_DEVICE_FAMILY = "1,2";
			};
			name = Release;
		};
/* End XCBuildConfiguration section */

/* Begin XCConfigurationList section */
		C072711E1C792BE600C1A8E6 /* Build configuration list for PBXProject "Baccup" */ = {
			isa = XCConfigurationList;
			buildConfigurations = (
				C07271321C792BE600C1A8E6 /* Debug */,
				C07271331C792BE600C1A8E6 /* Release */,
			);
			defaultConfigurationIsVisible = 0;
			defaultConfigurationName = Release;
		};
		C07271341C792BE600C1A8E6 /* Build configuration list for PBXNativeTarget "Baccup" */ = {
			isa = XCConfigurationList;
			buildConfigurations = (
				C07271351C792BE600C1A8E6 /* Debug */,
				C07271361C792BE600C1A8E6 /* Release */,
			);
			defaultConfigurationIsVisible = 0;
			defaultConfigurationName = Release;
		};
/* End XCConfigurationList section */
	};
	rootObject = C072711B1C792BE600C1A8E6 /* Project object */;
}
